
Microsoft Visual Studio Solution File, Format Version 12.00
# Visual Studio Version 17
VisualStudioVersion = 17.1.32407.343
MinimumVisualStudioVersion = 10.0.40219.1
Project("{9A19103F-16F7-4668-BE54-9A1E7A4F7556}") = "BirthdayCardGenerator", "BirthdayCardGenerator.csproj", "{59F7E795-B228-4C6B-A5DF-C3FD3C4138E7}"
EndProject
Global
	GlobalSection(SolutionConfigurationPlatforms) = preSolution
		Debug|Any CPU = Debug|Any CPU
		Release|Any CPU = Release|Any CPU
	EndGlobalSection
	GlobalSection(ProjectConfigurationPlatforms) = postSolution
		{59F7E795-B228-4C6B-A5DF-C3FD3C4138E7}.Debug|Any CPU.ActiveCfg = Debug|Any CPU
		{59F7E795-B228-4C6B-A5DF-C3FD3C4138E7}.Debug|Any CPU.Build.0 = Debug|Any CPU
		{59F7E795-B228-4C6B-A5DF-C3FD3C4138E7}.Release|Any CPU.ActiveCfg = Release|Any CPU
		{59F7E795-B228-4C6B-A5DF-C3FD3C4138E7}.Release|Any CPU.Build.0 = Release|Any CPU
	EndGlobalSection
	GlobalSection(SolutionProperties) = preSolution
		HideSolutionNode = FALSE
	EndGlobalSection
	GlobalSection(ExtensibilityGlobals) = postSolution
		SolutionGuid = {E5A7AF1C-B698-439E-8006-7D3471F5880C}
	EndGlobalSection
EndGlobal
